
Microsoft Visual Studio Solution File, Format Version 12.00
# Visual Studio Version 17
VisualStudioVersion = 17.9.34607.119
MinimumVisualStudioVersion = 10.0.40219.1
Project("{FAE04EC0-301F-11D3-BF4B-00C04F79EFBC}") = "Week13SQLiteDB", "Week13SQLiteDB\Week13SQLiteDB.csproj", "{AFDCD9D7-B033-4B52-BAEC-A60609BD5267}"
EndProject
Global
	GlobalSection(SolutionConfigurationPlatforms) = preSolution
		Debug|Any CPU = Debug|Any CPU
		Release|Any CPU = Release|Any CPU
	EndGlobalSection
	GlobalSection(ProjectConfigurationPlatforms) = postSolution
		{AFDCD9D7-B033-4B52-BAEC-A60609BD5267}.Debug|Any CPU.ActiveCfg = Debug|Any CPU
		{AFDCD9D7-B033-4B52-BAEC-A60609BD5267}.Debug|Any CPU.Build.0 = Debug|Any CPU
		{AFDCD9D7-B033-4B52-BAEC-A60609BD5267}.Release|Any CPU.ActiveCfg = Release|Any CPU
		{AFDCD9D7-B033-4B52-BAEC-A60609BD5267}.Release|Any CPU.Build.0 = Release|Any CPU
	EndGlobalSection
	GlobalSection(SolutionProperties) = preSolution
		HideSolutionNode = FALSE
	EndGlobalSection
	GlobalSection(ExtensibilityGlobals) = postSolution
		SolutionGuid = {F19608F7-B544-4116-BA4E-7605355A1CB7}
	EndGlobalSection
EndGlobal
